
Microsoft Visual Studio Solution File, Format Version 12.00
# Visual Studio Version 16
VisualStudioVersion = 16.0.31729.503
MinimumVisualStudioVersion = 10.0.40219.1
Project("{9A19103F-16F7-4668-BE54-9A1E7A4F7556}") = "CAPTest", "CAPTest.csproj", "{28B77FA1-7B59-4440-B2A9-FB6E237689A1}"
EndProject
Global
	GlobalSection(SolutionConfigurationPlatforms) = preSolution
		Debug|Any CPU = Debug|Any CPU
		Release|Any CPU = Release|Any CPU
	EndGlobalSection
	GlobalSection(ProjectConfigurationPlatforms) = postSolution
		{28B77FA1-7B59-4440-B2A9-FB6E237689A1}.Debug|Any CPU.ActiveCfg = Debug|Any CPU
		{28B77FA1-7B59-4440-B2A9-FB6E237689A1}.Debug|Any CPU.Build.0 = Debug|Any CPU
		{28B77FA1-7B59-4440-B2A9-FB6E237689A1}.Release|Any CPU.ActiveCfg = Release|Any CPU
		{28B77FA1-7B59-4440-B2A9-FB6E237689A1}.Release|Any CPU.Build.0 = Release|Any CPU
	EndGlobalSection
	GlobalSection(SolutionProperties) = preSolution
		HideSolutionNode = FALSE
	EndGlobalSection
	GlobalSection(ExtensibilityGlobals) = postSolution
		SolutionGuid = {8B6FE13F-D2DD-4052-95A4-BCF9F680B26C}
	EndGlobalSection
EndGlobal
